Microsoft Visual Studio Solution File, Format Version 12.00
# Visual Studio Version 17
VisualStudioVersion = 17.5.2.0
MinimumVisualStudioVersion = 10.0.40219.1
Project("{FAE04EC0-301F-11D3-BF4B-00C04F79EFBC}") = "ZooPortal.Api", "backend\ZooPortal.Api.csproj", "{C583D125-1D76-216A-5B63-9D0DA9EB7A1A}"
EndProject
Global
	GlobalSection(SolutionConfigurationPlatforms) = preSolution
		Debug|Any CPU = Debug|Any CPU
		Release|Any CPU = Release|Any CPU
	EndGlobalSection
	GlobalSection(ProjectConfigurationPlatforms) = postSolution
		{C583D125-1D76-216A-5B63-9D0DA9EB7A1A}.Debug|Any CPU.ActiveCfg = Debug|Any CPU
		{C583D125-1D76-216A-5B63-9D0DA9EB7A1A}.Debug|Any CPU.Build.0 = Debug|Any CPU
		{C583D125-1D76-216A-5B63-9D0DA9EB7A1A}.Release|Any CPU.ActiveCfg = Release|Any CPU
		{C583D125-1D76-216A-5B63-9D0DA9EB7A1A}.Release|Any CPU.Build.0 = Release|Any CPU
	EndGlobalSection
	GlobalSection(SolutionProperties) = preSolution
		HideSolutionNode = FALSE
	EndGlobalSection
	GlobalSection(ExtensibilityGlobals) = postSolution
		SolutionGuid = {644A5C79-17D4-45C7-B83C-E522B94BB503}
	EndGlobalSection
EndGlobal
